
Microsoft Visual Studio Solution File, Format Version 12.00
# Visual Studio 2012
Project("{FAE04EC0-301F-11D3-BF4B-00C04F79EFBC}") = "SpryGraph", "SpryGraph\SpryGraph.csproj", "{9E241436-FD49-482D-8B11-D0409F0B9734}"
EndProject
Project("{FAE04EC0-301F-11D3-BF4B-00C04F79EFBC}") = "UnitTestProject1", "UnitTestProject1\UnitTestProject1.csproj", "{4E444999-BBC6-4391-AA33-6F2E5A2B184D}"
EndProject
Project("{2150E333-8FDC-42A3-9474-1A3956D46DE8}") = "Solution Items", "Solution Items", "{4A30EB5D-B5BF-4024-A7CE-D3C65B23B340}"
	ProjectSection(SolutionItems) = preProject
		.nuget\NuGet.Config = .nuget\NuGet.Config
		.nuget\NuGet.exe = .nuget\NuGet.exe
		.nuget\NuGet.targets = .nuget\NuGet.targets
	EndProjectSection
EndProject
Global
	GlobalSection(SolutionConfigurationPlatforms) = preSolution
		Debug|Any CPU = Debug|Any CPU
		Release|Any CPU = Release|Any CPU
	EndGlobalSection
	GlobalSection(ProjectConfigurationPlatforms) = postSolution
		{9E241436-FD49-482D-8B11-D0409F0B9734}.Debug|Any CPU.ActiveCfg = Debug|Any CPU
		{9E241436-FD49-482D-8B11-D0409F0B9734}.Debug|Any CPU.Build.0 = Debug|Any CPU
		{9E241436-FD49-482D-8B11-D0409F0B9734}.Release|Any CPU.ActiveCfg = Release|Any CPU
		{9E241436-FD49-482D-8B11-D0409F0B9734}.Release|Any CPU.Build.0 = Release|Any CPU
		{4E444999-BBC6-4391-AA33-6F2E5A2B184D}.Debug|Any CPU.ActiveCfg = Debug|Any CPU
		{4E444999-BBC6-4391-AA33-6F2E5A2B184D}.Debug|Any CPU.Build.0 = Debug|Any CPU
		{4E444999-BBC6-4391-AA33-6F2E5A2B184D}.Release|Any CPU.ActiveCfg = Release|Any CPU
		{4E444999-BBC6-4391-AA33-6F2E5A2B184D}.Release|Any CPU.Build.0 = Release|Any CPU
	EndGlobalSection
	GlobalSection(SolutionProperties) = preSolution
		HideSolutionNode = FALSE
	EndGlobalSection
EndGlobal
